
Microsoft Visual Studio Solution File, Format Version 12.00
# Visual Studio Version 17
VisualStudioVersion = 17.0.31912.275
MinimumVisualStudioVersion = 10.0.40219.1
Project("{FAE04EC0-301F-11D3-BF4B-00C04F79EFBC}") = "MServ.Auth", "MServ.Auth\MServ.Auth.csproj", "{095737D2-8353-4B17-AE4F-9F411DA01E32}"
EndProject
Global
	GlobalSection(SolutionConfigurationPlatforms) = preSolution
		Debug|Any CPU = Debug|Any CPU
		Release|Any CPU = Release|Any CPU
	EndGlobalSection
	GlobalSection(ProjectConfigurationPlatforms) = postSolution
		{095737D2-8353-4B17-AE4F-9F411DA01E32}.Debug|Any CPU.ActiveCfg = Debug|Any CPU
		{095737D2-8353-4B17-AE4F-9F411DA01E32}.Debug|Any CPU.Build.0 = Debug|Any CPU
		{095737D2-8353-4B17-AE4F-9F411DA01E32}.Release|Any CPU.ActiveCfg = Release|Any CPU
		{095737D2-8353-4B17-AE4F-9F411DA01E32}.Release|Any CPU.Build.0 = Release|Any CPU
	EndGlobalSection
	GlobalSection(SolutionProperties) = preSolution
		HideSolutionNode = FALSE
	EndGlobalSection
	GlobalSection(ExtensibilityGlobals) = postSolution
		SolutionGuid = {D4DBACFD-BFAC-4AB0-9D26-CE0F1EDF6649}
	EndGlobalSection
EndGlobal
